
Microsoft Visual Studio Solution File, Format Version 12.00
# Visual Studio Version 17
VisualStudioVersion = 17.14.36202.13
MinimumVisualStudioVersion = 10.0.40219.1
Project("{FAE04EC0-301F-11D3-BF4B-00C04F79EFBC}") = "TriInkom", "TriInkom.csproj", "{57F4C65A-76FE-4711-9B7A-F59E1B11B1C7}"
EndProject
Project("{54A90642-561A-4BB1-A94E-469ADEE60C69}") = "frontend", "..\frontend\frontend.esproj", "{349EC62A-85E3-C852-F5FF-E97A8E3AB0F5}"
EndProject
Global
	GlobalSection(SolutionConfigurationPlatforms) = preSolution
		Debug|Any CPU = Debug|Any CPU
		Release|Any CPU = Release|Any CPU
	EndGlobalSection
	GlobalSection(ProjectConfigurationPlatforms) = postSolution
		{57F4C65A-76FE-4711-9B7A-F59E1B11B1C7}.Debug|Any CPU.ActiveCfg = Debug|Any CPU
		{57F4C65A-76FE-4711-9B7A-F59E1B11B1C7}.Debug|Any CPU.Build.0 = Debug|Any CPU
		{57F4C65A-76FE-4711-9B7A-F59E1B11B1C7}.Release|Any CPU.ActiveCfg = Release|Any CPU
		{57F4C65A-76FE-4711-9B7A-F59E1B11B1C7}.Release|Any CPU.Build.0 = Release|Any CPU
		{349EC62A-85E3-C852-F5FF-E97A8E3AB0F5}.Debug|Any CPU.ActiveCfg = Debug|Any CPU
		{349EC62A-85E3-C852-F5FF-E97A8E3AB0F5}.Debug|Any CPU.Build.0 = Debug|Any CPU
		{349EC62A-85E3-C852-F5FF-E97A8E3AB0F5}.Debug|Any CPU.Deploy.0 = Debug|Any CPU
		{349EC62A-85E3-C852-F5FF-E97A8E3AB0F5}.Release|Any CPU.ActiveCfg = Release|Any CPU
		{349EC62A-85E3-C852-F5FF-E97A8E3AB0F5}.Release|Any CPU.Build.0 = Release|Any CPU
		{349EC62A-85E3-C852-F5FF-E97A8E3AB0F5}.Release|Any CPU.Deploy.0 = Release|Any CPU
	EndGlobalSection
	GlobalSection(SolutionProperties) = preSolution
		HideSolutionNode = FALSE
	EndGlobalSection
	GlobalSection(ExtensibilityGlobals) = postSolution
		SolutionGuid = {8D41C55E-E72C-418C-BE6D-F3ADDFC33D33}
	EndGlobalSection
EndGlobal
